
Microsoft Visual Studio Solution File, Format Version 12.00
# Visual Studio Version 17
VisualStudioVersion = 17.1.32328.378
MinimumVisualStudioVersion = 10.0.40219.1
Project("{FAE04EC0-301F-11D3-BF4B-00C04F79EFBC}") = "WinFormsApp1", "WinFormsApp1\WinFormsApp1.csproj", "{450E2F34-82DF-49EC-8118-7742F8219126}"
EndProject
Global
	GlobalSection(SolutionConfigurationPlatforms) = preSolution
		Debug|Any CPU = Debug|Any CPU
		Release|Any CPU = Release|Any CPU
	EndGlobalSection
	GlobalSection(ProjectConfigurationPlatforms) = postSolution
		{450E2F34-82DF-49EC-8118-7742F8219126}.Debug|Any CPU.ActiveCfg = Debug|Any CPU
		{450E2F34-82DF-49EC-8118-7742F8219126}.Debug|Any CPU.Build.0 = Debug|Any CPU
		{450E2F34-82DF-49EC-8118-7742F8219126}.Release|Any CPU.ActiveCfg = Release|Any CPU
		{450E2F34-82DF-49EC-8118-7742F8219126}.Release|Any CPU.Build.0 = Release|Any CPU
	EndGlobalSection
	GlobalSection(SolutionProperties) = preSolution
		HideSolutionNode = FALSE
	EndGlobalSection
	GlobalSection(ExtensibilityGlobals) = postSolution
		SolutionGuid = {D95D28D2-B88C-445E-AB3B-16D85ACAF1E1}
	EndGlobalSection
EndGlobal
