
Microsoft Visual Studio Solution File, Format Version 12.00
# Visual Studio Version 17
VisualStudioVersion = 17.1.32328.378
MinimumVisualStudioVersion = 10.0.40219.1
Project("{FAE04EC0-301F-11D3-BF4B-00C04F79EFBC}") = "WinFormsApp1", "WinFormsApp1\WinFormsApp1.csproj", "{E22BD3D9-2662-4DFA-B13E-5760EC06FF94}"
EndProject
Global
	GlobalSection(SolutionConfigurationPlatforms) = preSolution
		Debug|Any CPU = Debug|Any CPU
		Release|Any CPU = Release|Any CPU
	EndGlobalSection
	GlobalSection(ProjectConfigurationPlatforms) = postSolution
		{E22BD3D9-2662-4DFA-B13E-5760EC06FF94}.Debug|Any CPU.ActiveCfg = Debug|Any CPU
		{E22BD3D9-2662-4DFA-B13E-5760EC06FF94}.Debug|Any CPU.Build.0 = Debug|Any CPU
		{E22BD3D9-2662-4DFA-B13E-5760EC06FF94}.Release|Any CPU.ActiveCfg = Release|Any CPU
		{E22BD3D9-2662-4DFA-B13E-5760EC06FF94}.Release|Any CPU.Build.0 = Release|Any CPU
	EndGlobalSection
	GlobalSection(SolutionProperties) = preSolution
		HideSolutionNode = FALSE
	EndGlobalSection
	GlobalSection(ExtensibilityGlobals) = postSolution
		SolutionGuid = {8FE5DDCB-933E-4F90-B7C1-BE20D2784C11}
	EndGlobalSection
EndGlobal
