
Microsoft Visual Studio Solution File, Format Version 12.00
# Visual Studio Version 17
VisualStudioVersion = 17.1.32328.378
MinimumVisualStudioVersion = 10.0.40219.1
Project("{FAE04EC0-301F-11D3-BF4B-00C04F79EFBC}") = "WinFormsApp1", "WinFormsApp1\WinFormsApp1.csproj", "{C9F82A3F-B5B9-4493-BDC4-3855056E5129}"
EndProject
Global
	GlobalSection(SolutionConfigurationPlatforms) = preSolution
		Debug|Any CPU = Debug|Any CPU
		Release|Any CPU = Release|Any CPU
	EndGlobalSection
	GlobalSection(ProjectConfigurationPlatforms) = postSolution
		{C9F82A3F-B5B9-4493-BDC4-3855056E5129}.Debug|Any CPU.ActiveCfg = Debug|Any CPU
		{C9F82A3F-B5B9-4493-BDC4-3855056E5129}.Debug|Any CPU.Build.0 = Debug|Any CPU
		{C9F82A3F-B5B9-4493-BDC4-3855056E5129}.Release|Any CPU.ActiveCfg = Release|Any CPU
		{C9F82A3F-B5B9-4493-BDC4-3855056E5129}.Release|Any CPU.Build.0 = Release|Any CPU
	EndGlobalSection
	GlobalSection(SolutionProperties) = preSolution
		HideSolutionNode = FALSE
	EndGlobalSection
	GlobalSection(ExtensibilityGlobals) = postSolution
		SolutionGuid = {7390A674-1B1D-4E04-94DD-271FB3EF99EE}
	EndGlobalSection
EndGlobal
