
Microsoft Visual Studio Solution File, Format Version 12.00
# Visual Studio Version 17
VisualStudioVersion = 17.1.32328.378
MinimumVisualStudioVersion = 10.0.40219.1
Project("{FAE04EC0-301F-11D3-BF4B-00C04F79EFBC}") = "WinFormsApp1", "WinFormsApp1\WinFormsApp1.csproj", "{954D90EB-3E5B-404C-AF62-4E59D083973E}"
EndProject
Global
	GlobalSection(SolutionConfigurationPlatforms) = preSolution
		Debug|Any CPU = Debug|Any CPU
		Release|Any CPU = Release|Any CPU
	EndGlobalSection
	GlobalSection(ProjectConfigurationPlatforms) = postSolution
		{954D90EB-3E5B-404C-AF62-4E59D083973E}.Debug|Any CPU.ActiveCfg = Debug|Any CPU
		{954D90EB-3E5B-404C-AF62-4E59D083973E}.Debug|Any CPU.Build.0 = Debug|Any CPU
		{954D90EB-3E5B-404C-AF62-4E59D083973E}.Release|Any CPU.ActiveCfg = Release|Any CPU
		{954D90EB-3E5B-404C-AF62-4E59D083973E}.Release|Any CPU.Build.0 = Release|Any CPU
	EndGlobalSection
	GlobalSection(SolutionProperties) = preSolution
		HideSolutionNode = FALSE
	EndGlobalSection
	GlobalSection(ExtensibilityGlobals) = postSolution
		SolutionGuid = {7E427EB8-E90A-48C7-9DD7-4D35AF4F342A}
	EndGlobalSection
EndGlobal
